
Microsoft Visual Studio Solution File, Format Version 12.00
# Visual Studio Version 17
VisualStudioVersion = 17.6.33723.286
MinimumVisualStudioVersion = 10.0.40219.1
Project("{FAE04EC0-301F-11D3-BF4B-00C04F79EFBC}") = "WebApplication4", "WebApplication4.csproj", "{53A10F3F-96BF-4B2D-B0D6-0A214C2B3D9C}"
EndProject
Global
	GlobalSection(SolutionConfigurationPlatforms) = preSolution
		Debug|Any CPU = Debug|Any CPU
		Release|Any CPU = Release|Any CPU
	EndGlobalSection
	GlobalSection(ProjectConfigurationPlatforms) = postSolution
		{53A10F3F-96BF-4B2D-B0D6-0A214C2B3D9C}.Debug|Any CPU.ActiveCfg = Debug|Any CPU
		{53A10F3F-96BF-4B2D-B0D6-0A214C2B3D9C}.Debug|Any CPU.Build.0 = Debug|Any CPU
		{53A10F3F-96BF-4B2D-B0D6-0A214C2B3D9C}.Release|Any CPU.ActiveCfg = Release|Any CPU
		{53A10F3F-96BF-4B2D-B0D6-0A214C2B3D9C}.Release|Any CPU.Build.0 = Release|Any CPU
	EndGlobalSection
	GlobalSection(SolutionProperties) = preSolution
		HideSolutionNode = FALSE
	EndGlobalSection
	GlobalSection(ExtensibilityGlobals) = postSolution
		SolutionGuid = {98BC8E83-9262-4A25-95E5-E7AE979576E9}
	EndGlobalSection
EndGlobal
