
Microsoft Visual Studio Solution File, Format Version 12.00
# Visual Studio Version 17
VisualStudioVersion = 17.14.36705.20 d17.14
MinimumVisualStudioVersion = 10.0.40219.1
Project("{FAE04EC0-301F-11D3-BF4B-00C04F79EFBC}") = "WebApplication14", "WebApplication14\WebApplication14.csproj", "{AC740729-3584-4D86-B709-9984B4C86802}"
EndProject
Global
	GlobalSection(SolutionConfigurationPlatforms) = preSolution
		Debug|Any CPU = Debug|Any CPU
		Release|Any CPU = Release|Any CPU
	EndGlobalSection
	GlobalSection(ProjectConfigurationPlatforms) = postSolution
		{AC740729-3584-4D86-B709-9984B4C86802}.Debug|Any CPU.ActiveCfg = Debug|Any CPU
		{AC740729-3584-4D86-B709-9984B4C86802}.Debug|Any CPU.Build.0 = Debug|Any CPU
		{AC740729-3584-4D86-B709-9984B4C86802}.Release|Any CPU.ActiveCfg = Release|Any CPU
		{AC740729-3584-4D86-B709-9984B4C86802}.Release|Any CPU.Build.0 = Release|Any CPU
	EndGlobalSection
	GlobalSection(SolutionProperties) = preSolution
		HideSolutionNode = FALSE
	EndGlobalSection
	GlobalSection(ExtensibilityGlobals) = postSolution
		SolutionGuid = {BBCA1154-34C2-4F13-9F4A-92D642FA0A19}
	EndGlobalSection
EndGlobal
