
Microsoft Visual Studio Solution File, Format Version 12.00
# Visual Studio Version 17
VisualStudioVersion = 17.6.33723.286
MinimumVisualStudioVersion = 10.0.40219.1
Project("{FAE04EC0-301F-11D3-BF4B-00C04F79EFBC}") = "WebApplication3", "WebApplication3.csproj", "{61F82A17-D7CC-44F6-9D2E-6878192D107E}"
EndProject
Global
	GlobalSection(SolutionConfigurationPlatforms) = preSolution
		Debug|Any CPU = Debug|Any CPU
		Release|Any CPU = Release|Any CPU
	EndGlobalSection
	GlobalSection(ProjectConfigurationPlatforms) = postSolution
		{61F82A17-D7CC-44F6-9D2E-6878192D107E}.Debug|Any CPU.ActiveCfg = Debug|Any CPU
		{61F82A17-D7CC-44F6-9D2E-6878192D107E}.Debug|Any CPU.Build.0 = Debug|Any CPU
		{61F82A17-D7CC-44F6-9D2E-6878192D107E}.Release|Any CPU.ActiveCfg = Release|Any CPU
		{61F82A17-D7CC-44F6-9D2E-6878192D107E}.Release|Any CPU.Build.0 = Release|Any CPU
	EndGlobalSection
	GlobalSection(SolutionProperties) = preSolution
		HideSolutionNode = FALSE
	EndGlobalSection
	GlobalSection(ExtensibilityGlobals) = postSolution
		SolutionGuid = {2D648A4A-905A-46D2-A745-65860D62D456}
	EndGlobalSection
EndGlobal
