
Microsoft Visual Studio Solution File, Format Version 12.00
# Visual Studio Version 17
VisualStudioVersion = 17.6.33723.286
MinimumVisualStudioVersion = 10.0.40219.1
Project("{FAE04EC0-301F-11D3-BF4B-00C04F79EFBC}") = "WebApplication11", "WebApplication11\WebApplication11.csproj", "{6DCA97FF-D4CD-45B1-8596-7F210E248CCF}"
EndProject
Global
	GlobalSection(SolutionConfigurationPlatforms) = preSolution
		Debug|Any CPU = Debug|Any CPU
		Release|Any CPU = Release|Any CPU
	EndGlobalSection
	GlobalSection(ProjectConfigurationPlatforms) = postSolution
		{6DCA97FF-D4CD-45B1-8596-7F210E248CCF}.Debug|Any CPU.ActiveCfg = Debug|Any CPU
		{6DCA97FF-D4CD-45B1-8596-7F210E248CCF}.Debug|Any CPU.Build.0 = Debug|Any CPU
		{6DCA97FF-D4CD-45B1-8596-7F210E248CCF}.Release|Any CPU.ActiveCfg = Release|Any CPU
		{6DCA97FF-D4CD-45B1-8596-7F210E248CCF}.Release|Any CPU.Build.0 = Release|Any CPU
	EndGlobalSection
	GlobalSection(SolutionProperties) = preSolution
		HideSolutionNode = FALSE
	EndGlobalSection
	GlobalSection(ExtensibilityGlobals) = postSolution
		SolutionGuid = {5986D29B-5AF7-481A-9963-CE7AAE2AF670}
	EndGlobalSection
EndGlobal
